
Microsoft Visual Studio Solution File, Format Version 12.00
# Visual Studio Version 17
VisualStudioVersion = 17.5.33516.290
MinimumVisualStudioVersion = 10.0.40219.1
Project("{FAE04EC0-301F-11D3-BF4B-00C04F79EFBC}") = "MvcStok", "MvcStok\MvcStok.csproj", "{58B5B83A-234F-418D-B23B-C4D85F5CEC2A}"
EndProject
Global
	GlobalSection(SolutionConfigurationPlatforms) = preSolution
		Debug|Any CPU = Debug|Any CPU
		Release|Any CPU = Release|Any CPU
	EndGlobalSection
	GlobalSection(ProjectConfigurationPlatforms) = postSolution
		{58B5B83A-234F-418D-B23B-C4D85F5CEC2A}.Debug|Any CPU.ActiveCfg = Debug|Any CPU
		{58B5B83A-234F-418D-B23B-C4D85F5CEC2A}.Debug|Any CPU.Build.0 = Debug|Any CPU
		{58B5B83A-234F-418D-B23B-C4D85F5CEC2A}.Release|Any CPU.ActiveCfg = Release|Any CPU
		{58B5B83A-234F-418D-B23B-C4D85F5CEC2A}.Release|Any CPU.Build.0 = Release|Any CPU
	EndGlobalSection
	GlobalSection(SolutionProperties) = preSolution
		HideSolutionNode = FALSE
	EndGlobalSection
	GlobalSection(ExtensibilityGlobals) = postSolution
		SolutionGuid = {B83167DD-9896-4AF0-94D1-E1062916E169}
	EndGlobalSection
EndGlobal
